
Microsoft Visual Studio Solution File, Format Version 12.00
# Visual Studio Version 16
VisualStudioVersion = 16.0.30804.86
MinimumVisualStudioVersion = 10.0.40219.1
Project("{00D1A9C2-B5F0-4AF3-8072-F6C62B433612}") = "IntegrationDB", "IntegrationDB\IntegrationDB.sqlproj", "{93F0FA92-10AF-473D-A7D8-40E9B2744304}"
EndProject
Global
	GlobalSection(SolutionConfigurationPlatforms) = preSolution
		Debug|Any CPU = Debug|Any CPU
		Release|Any CPU = Release|Any CPU
	EndGlobalSection
	GlobalSection(ProjectConfigurationPlatforms) = postSolution
		{93F0FA92-10AF-473D-A7D8-40E9B2744304}.Debug|Any CPU.ActiveCfg = Debug|Any CPU
		{93F0FA92-10AF-473D-A7D8-40E9B2744304}.Debug|Any CPU.Build.0 = Debug|Any CPU
		{93F0FA92-10AF-473D-A7D8-40E9B2744304}.Debug|Any CPU.Deploy.0 = Debug|Any CPU
		{93F0FA92-10AF-473D-A7D8-40E9B2744304}.Release|Any CPU.ActiveCfg = Release|Any CPU
		{93F0FA92-10AF-473D-A7D8-40E9B2744304}.Release|Any CPU.Build.0 = Release|Any CPU
		{93F0FA92-10AF-473D-A7D8-40E9B2744304}.Release|Any CPU.Deploy.0 = Release|Any CPU
	EndGlobalSection
	GlobalSection(SolutionProperties) = preSolution
		HideSolutionNode = FALSE
	EndGlobalSection
	GlobalSection(ExtensibilityGlobals) = postSolution
		SolutionGuid = {13E0FB06-674E-470D-B66B-93616CA167E9}
	EndGlobalSection
EndGlobal
